// !$*UTF8*$!
{
	archiveVersion = 1;
	classes = {
	};
	objectVersion = 52;
	objects = {

/* Begin PBXBuildFile section */
		8918DF5F265A9059009BD3CF /* Signup.swift in Sources */ = {isa = PBXBuildFile; fileRef = 8918DF5E265A9059009BD3CF /* Signup.swift */; };
		8918DF61265A9084009BD3CF /* Login.swift in Sources */ = {isa = PBXBuildFile; fileRef = 8918DF60265A9084009BD3CF /* Login.swift */; };
		8918DF64265A90B5009BD3CF /* Page.swift in Sources */ = {isa = PBXBuildFile; fileRef = 8918DF63265A90B5009BD3CF /* Page.swift */; };
		8918DF66265F6020009BD3CF /* Course.swift in Sources */ = {isa = PBXBuildFile; fileRef = 8918DF65265F6020009BD3CF /* Course.swift */; };
		8918DF69265F65C1009BD3CF /* Spinner.swift in Sources */ = {isa = PBXBuildFile; fileRef = 8918DF68265F65C1009BD3CF /* Spinner.swift */; };
		8996C886266E7E580047B527 /* UserContent.swift in Sources */ = {isa = PBXBuildFile; fileRef = 8996C885266E7E570047B527 /* UserContent.swift */; };
		8996C88A266E81BE0047B527 /* subjects.json in Resources */ = {isa = PBXBuildFile; fileRef = 8996C889266E81BE0047B527 /* subjects.json */; };
		8996C88C266E821D0047B527 /* Subject.swift in Sources */ = {isa = PBXBuildFile; fileRef = 8996C88B266E821D0047B527 /* Subject.swift */; };
		8996C88E266E823D0047B527 /* Subjects.swift in Sources */ = {isa = PBXBuildFile; fileRef = 8996C88D266E823D0047B527 /* Subjects.swift */; };
		89BA12B1265641CA00066AA7 /* EdtechAppApp.swift in Sources */ = {isa = PBXBuildFile; fileRef = 89BA12B0265641CA00066AA7 /* EdtechAppApp.swift */; };
		89BA12B3265641CA00066AA7 /* ContentView.swift in Sources */ = {isa = PBXBuildFile; fileRef = 89BA12B2265641CA00066AA7 /* ContentView.swift */; };
		89BA12B5265641CD00066AA7 /* Assets.xcassets in Resources */ = {isa = PBXBuildFile; fileRef = 89BA12B4265641CD00066AA7 /* Assets.xcassets */; };
		89BA12B8265641CD00066AA7 /* Preview Assets.xcassets in Resources */ = {isa = PBXBuildFile; fileRef = 89BA12B7265641CD00066AA7 /* Preview Assets.xcassets */; };
		89BA12C3265641CD00066AA7 /* EdtechAppTests.swift in Sources */ = {isa = PBXBuildFile; fileRef = 89BA12C2265641CD00066AA7 /* EdtechAppTests.swift */; };
		89BA12CE265641CD00066AA7 /* EdtechAppUITests.swift in Sources */ = {isa = PBXBuildFile; fileRef = 89BA12CD265641CD00066AA7 /* EdtechAppUITests.swift */; };
		89BA12E22656896700066AA7 /* SignupForm.swift in Sources */ = {isa = PBXBuildFile; fileRef = 89BA12E12656896700066AA7 /* SignupForm.swift */; };
		89BA12E52656AE1400066AA7 /* Welcome.swift in Sources */ = {isa = PBXBuildFile; fileRef = 89BA12E42656AE1400066AA7 /* Welcome.swift */; };
		89BA12E72656B2A300066AA7 /* extensions.swift in Sources */ = {isa = PBXBuildFile; fileRef = 89BA12E62656B2A300066AA7 /* extensions.swift */; };
		89EED140265FAFF40079CAEF /* coursetest.json in Resources */ = {isa = PBXBuildFile; fileRef = 89EED13F265FAFF40079CAEF /* coursetest.json */; };
		89EED143265FB20D0079CAEF /* CourseMenuItemData.swift in Sources */ = {isa = PBXBuildFile; fileRef = 89EED142265FB20D0079CAEF /* CourseMenuItemData.swift */; };
		89F26159265FD8A900EC3B33 /* CourseMenuItem.swift in Sources */ = {isa = PBXBuildFile; fileRef = 89F26158265FD8A900EC3B33 /* CourseMenuItem.swift */; };
		89F2615C265FE16500EC3B33 /* FASwiftUI in Frameworks */ = {isa = PBXBuildFile; productRef = 89F2615B265FE16500EC3B33 /* FASwiftUI */; };
		89F2615F265FE19400EC3B33 /* icons.json in Resources */ = {isa = PBXBuildFile; fileRef = 89F2615E265FE19400EC3B33 /* icons.json */; };
		89F26163265FE1D400EC3B33 /* Font Awesome 5 Brands-Regular-400.otf in Resources */ = {isa = PBXBuildFile; fileRef = 89F26160265FE1D400EC3B33 /* Font Awesome 5 Brands-Regular-400.otf */; };
		89F26164265FE1D400EC3B33 /* Font Awesome 5 Free-Regular-400.otf in Resources */ = {isa = PBXBuildFile; fileRef = 89F26161265FE1D400EC3B33 /* Font Awesome 5 Free-Regular-400.otf */; };
		89F26165265FE1D400EC3B33 /* Font Awesome 5 Free-Solid-900.otf in Resources */ = {isa = PBXBuildFile; fileRef = 89F26162265FE1D400EC3B33 /* Font Awesome 5 Free-Solid-900.otf */; };
		89F26167265FE71C00EC3B33 /* Loader.swift in Sources */ = {isa = PBXBuildFile; fileRef = 89F26166265FE71C00EC3B33 /* Loader.swift */; };
		89F26169265FEA6D00EC3B33 /* CourseMenu.swift in Sources */ = {isa = PBXBuildFile; fileRef = 89F26168265FEA6D00EC3B33 /* CourseMenu.swift */; };
		89F2616B26651BAB00EC3B33 /* CourseSectionsMenu.swift in Sources */ = {isa = PBXBuildFile; fileRef = 89F2616A26651BAB00EC3B33 /* CourseSectionsMenu.swift */; };
		89F26170266523C900EC3B33 /* WrappingStack.swift in Sources */ = {isa = PBXBuildFile; fileRef = 89F2616F266523C900EC3B33 /* WrappingStack.swift */; };
		89F2617326654A6100EC3B33 /* TextMessage.swift in Sources */ = {isa = PBXBuildFile; fileRef = 89F2617226654A6100EC3B33 /* TextMessage.swift */; };
		89F2617526655B9600EC3B33 /* Quiz.swift in Sources */ = {isa = PBXBuildFile; fileRef = 89F2617426655B9600EC3B33 /* Quiz.swift */; };
		89F2617726655C3300EC3B33 /* Message.swift in Sources */ = {isa = PBXBuildFile; fileRef = 89F2617626655C3300EC3B33 /* Message.swift */; };
		89F261792665673800EC3B33 /* messagestest.json in Resources */ = {isa = PBXBuildFile; fileRef = 89F261782665673800EC3B33 /* messagestest.json */; };
		89F2617C26663C2B00EC3B33 /* BotWrapper.swift in Sources */ = {isa = PBXBuildFile; fileRef = 89F2617B26663C2B00EC3B33 /* BotWrapper.swift */; };
		89FEEAC92656C64800100BA8 /* LoginForm.swift in Sources */ = {isa = PBXBuildFile; fileRef = 89FEEAC82656C64800100BA8 /* LoginForm.swift */; };
		89FEEACC2657CA7100100BA8 /* Requests.swift in Sources */ = {isa = PBXBuildFile; fileRef = 89FEEACB2657CA7100100BA8 /* Requests.swift */; };
/* End PBXBuildFile section */

/* Begin PBXContainerItemProxy section */
		89BA12BF265641CD00066AA7 /* PBXContainerItemProxy */ = {
			isa = PBXContainerItemProxy;
			containerPortal = 89BA12A5265641CA00066AA7 /* Project object */;
			proxyType = 1;
			remoteGlobalIDString = 89BA12AC265641CA00066AA7;
			remoteInfo = EdtechApp;
		};
		89BA12CA265641CD00066AA7 /* PBXContainerItemProxy */ = {
			isa = PBXContainerItemProxy;
			containerPortal = 89BA12A5265641CA00066AA7 /* Project object */;
			proxyType = 1;
			remoteGlobalIDString = 89BA12AC265641CA00066AA7;
			remoteInfo = EdtechApp;
		};
/* End PBXContainerItemProxy section */

/* Begin PBXFileReference section */
		8918DF5E265A9059009BD3CF /* Signup.swift */ = {isa = PBXFileReference; lastKnownFileType = sourcecode.swift; path = Signup.swift; sourceTree = "<group>"; };
		8918DF60265A9084009BD3CF /* Login.swift */ = {isa = PBXFileReference; lastKnownFileType = sourcecode.swift; path = Login.swift; sourceTree = "<group>"; };
		8918DF63265A90B5009BD3CF /* Page.swift */ = {isa = PBXFileReference; lastKnownFileType = sourcecode.swift; path = Page.swift; sourceTree = "<group>"; };
		8918DF65265F6020009BD3CF /* Course.swift */ = {isa = PBXFileReference; lastKnownFileType = sourcecode.swift; path = Course.swift; sourceTree = "<group>"; };
		8918DF68265F65C1009BD3CF /* Spinner.swift */ = {isa = PBXFileReference; lastKnownFileType = sourcecode.swift; path = Spinner.swift; sourceTree = "<group>"; };
		8996C885266E7E570047B527 /* UserContent.swift */ = {isa = PBXFileReference; lastKnownFileType = sourcecode.swift; path = UserContent.swift; sourceTree = "<group>"; };
		8996C889266E81BE0047B527 /* subjects.json */ = {isa = PBXFileReference; fileEncoding = 4; lastKnownFileType = text.json; path = subjects.json; sourceTree = "<group>"; };
		8996C88B266E821D0047B527 /* Subject.swift */ = {isa = PBXFileReference; lastKnownFileType = sourcecode.swift; path = Subject.swift; sourceTree = "<group>"; };
		8996C88D266E823D0047B527 /* Subjects.swift */ = {isa = PBXFileReference; lastKnownFileType = sourcecode.swift; path = Subjects.swift; sourceTree = "<group>"; };
		89BA12AD265641CA00066AA7 /* EdtechApp.app */ = {isa = PBXFileReference; explicitFileType = wrapper.application; includeInIndex = 0; path = EdtechApp.app; sourceTree = BUILT_PRODUCTS_DIR; };
		89BA12B0265641CA00066AA7 /* EdtechAppApp.swift */ = {isa = PBXFileReference; lastKnownFileType = sourcecode.swift; path = EdtechAppApp.swift; sourceTree = "<group>"; };
		89BA12B2265641CA00066AA7 /* ContentView.swift */ = {isa = PBXFileReference; lastKnownFileType = sourcecode.swift; path = ContentView.swift; sourceTree = "<group>"; };
		89BA12B4265641CD00066AA7 /* Assets.xcassets */ = {isa = PBXFileReference; lastKnownFileType = folder.assetcatalog; path = Assets.xcassets; sourceTree = "<group>"; };
		89BA12B7265641CD00066AA7 /* Preview Assets.xcassets */ = {isa = PBXFileReference; lastKnownFileType = folder.assetcatalog; path = "Preview Assets.xcassets"; sourceTree = "<group>"; };
		89BA12B9265641CD00066AA7 /* Info.plist */ = {isa = PBXFileReference; lastKnownFileType = text.plist.xml; path = Info.plist; sourceTree = "<group>"; };
		89BA12BE265641CD00066AA7 /* EdtechAppTests.xctest */ = {isa = PBXFileReference; explicitFileType = wrapper.cfbundle; includeInIndex = 0; path = EdtechAppTests.xctest; sourceTree = BUILT_PRODUCTS_DIR; };
		89BA12C2265641CD00066AA7 /* EdtechAppTests.swift */ = {isa = PBXFileReference; lastKnownFileType = sourcecode.swift; path = EdtechAppTests.swift; sourceTree = "<group>"; };
		89BA12C4265641CD00066AA7 /* Info.plist */ = {isa = PBXFileReference; lastKnownFileType = text.plist.xml; path = Info.plist; sourceTree = "<group>"; };
		89BA12C9265641CD00066AA7 /* EdtechAppUITests.xctest */ = {isa = PBXFileReference; explicitFileType = wrapper.cfbundle; includeInIndex = 0; path = EdtechAppUITests.xctest; sourceTree = BUILT_PRODUCTS_DIR; };
		89BA12CD265641CD00066AA7 /* EdtechAppUITests.swift */ = {isa = PBXFileReference; lastKnownFileType = sourcecode.swift; path = EdtechAppUITests.swift; sourceTree = "<group>"; };
		89BA12CF265641CD00066AA7 /* Info.plist */ = {isa = PBXFileReference; lastKnownFileType = text.plist.xml; path = Info.plist; sourceTree = "<group>"; };
		89BA12E12656896700066AA7 /* SignupForm.swift */ = {isa = PBXFileReference; lastKnownFileType = sourcecode.swift; path = SignupForm.swift; sourceTree = "<group>"; };
		89BA12E42656AE1400066AA7 /* Welcome.swift */ = {isa = PBXFileReference; lastKnownFileType = sourcecode.swift; path = Welcome.swift; sourceTree = "<group>"; };
		89BA12E62656B2A300066AA7 /* extensions.swift */ = {isa = PBXFileReference; lastKnownFileType = sourcecode.swift; path = extensions.swift; sourceTree = "<group>"; };
		89EED13F265FAFF40079CAEF /* coursetest.json */ = {isa = PBXFileReference; fileEncoding = 4; lastKnownFileType = text.json; path = coursetest.json; sourceTree = "<group>"; };
		89EED142265FB20D0079CAEF /* CourseMenuItemData.swift */ = {isa = PBXFileReference; lastKnownFileType = sourcecode.swift; path = CourseMenuItemData.swift; sourceTree = "<group>"; };
		89F26158265FD8A900EC3B33 /* CourseMenuItem.swift */ = {isa = PBXFileReference; lastKnownFileType = sourcecode.swift; path = CourseMenuItem.swift; sourceTree = "<group>"; };
		89F2615E265FE19400EC3B33 /* icons.json */ = {isa = PBXFileReference; fileEncoding = 4; lastKnownFileType = text.json; path = icons.json; sourceTree = "<group>"; };
		89F26160265FE1D400EC3B33 /* Font Awesome 5 Brands-Regular-400.otf */ = {isa = PBXFileReference; lastKnownFileType = file; path = "Font Awesome 5 Brands-Regular-400.otf"; sourceTree = "<group>"; };
		89F26161265FE1D400EC3B33 /* Font Awesome 5 Free-Regular-400.otf */ = {isa = PBXFileReference; lastKnownFileType = file; path = "Font Awesome 5 Free-Regular-400.otf"; sourceTree = "<group>"; };
		89F26162265FE1D400EC3B33 /* Font Awesome 5 Free-Solid-900.otf */ = {isa = PBXFileReference; lastKnownFileType = file; path = "Font Awesome 5 Free-Solid-900.otf"; sourceTree = "<group>"; };
		89F26166265FE71C00EC3B33 /* Loader.swift */ = {isa = PBXFileReference; lastKnownFileType = sourcecode.swift; path = Loader.swift; sourceTree = "<group>"; };
		89F26168265FEA6D00EC3B33 /* CourseMenu.swift */ = {isa = PBXFileReference; lastKnownFileType = sourcecode.swift; path = CourseMenu.swift; sourceTree = "<group>"; };
		89F2616A26651BAB00EC3B33 /* CourseSectionsMenu.swift */ = {isa = PBXFileReference; lastKnownFileType = sourcecode.swift; path = CourseSectionsMenu.swift; sourceTree = "<group>"; };
		89F2616F266523C900EC3B33 /* WrappingStack.swift */ = {isa = PBXFileReference; lastKnownFileType = sourcecode.swift; path = WrappingStack.swift; sourceTree = "<group>"; };
		89F2617226654A6100EC3B33 /* TextMessage.swift */ = {isa = PBXFileReference; lastKnownFileType = sourcecode.swift; path = TextMessage.swift; sourceTree = "<group>"; };
		89F2617426655B9600EC3B33 /* Quiz.swift */ = {isa = PBXFileReference; lastKnownFileType = sourcecode.swift; path = Quiz.swift; sourceTree = "<group>"; };
		89F2617626655C3300EC3B33 /* Message.swift */ = {isa = PBXFileReference; lastKnownFileType = sourcecode.swift; path = Message.swift; sourceTree = "<group>"; };
		89F261782665673800EC3B33 /* messagestest.json */ = {isa = PBXFileReference; fileEncoding = 4; lastKnownFileType = text.json; path = messagestest.json; sourceTree = "<group>"; };
		89F2617B26663C2B00EC3B33 /* BotWrapper.swift */ = {isa = PBXFileReference; lastKnownFileType = sourcecode.swift; path = BotWrapper.swift; sourceTree = "<group>"; };
		89FEEAC82656C64800100BA8 /* LoginForm.swift */ = {isa = PBXFileReference; lastKnownFileType = sourcecode.swift; path = LoginForm.swift; sourceTree = "<group>"; };
		89FEEACB2657CA7100100BA8 /* Requests.swift */ = {isa = PBXFileReference; lastKnownFileType = sourcecode.swift; path = Requests.swift; sourceTree = "<group>"; };
/* End PBXFileReference section */

/* Begin PBXFrameworksBuildPhase section */
		89BA12AA265641CA00066AA7 /* Frameworks */ = {
			isa = PBXFrameworksBuildPhase;
			buildActionMask = 2147483647;
			files = (
				89F2615C265FE16500EC3B33 /* FASwiftUI in Frameworks */,
			);
			runOnlyForDeploymentPostprocessing = 0;
		};
		89BA12BB265641CD00066AA7 /* Frameworks */ = {
			isa = PBXFrameworksBuildPhase;
			buildActionMask = 2147483647;
			files = (
			);
			runOnlyForDeploymentPostprocessing = 0;
		};
		89BA12C6265641CD00066AA7 /* Frameworks */ = {
			isa = PBXFrameworksBuildPhase;
			buildActionMask = 2147483647;
			files = (
			);
			runOnlyForDeploymentPostprocessing = 0;
		};
/* End PBXFrameworksBuildPhase section */

/* Begin PBXGroup section */
		8918DF62265A90AA009BD3CF /* Templates */ = {
			isa = PBXGroup;
			children = (
				8918DF63265A90B5009BD3CF /* Page.swift */,
			);
			path = Templates;
			sourceTree = "<group>";
		};
		8918DF67265F65B4009BD3CF /* Utils */ = {
			isa = PBXGroup;
			children = (
				8918DF68265F65C1009BD3CF /* Spinner.swift */,
				89F2616F266523C900EC3B33 /* WrappingStack.swift */,
			);
			path = Utils;
			sourceTree = "<group>";
		};
		89BA12A4265641CA00066AA7 = {
			isa = PBXGroup;
			children = (
				89BA12AF265641CA00066AA7 /* EdtechApp */,
				89BA12C1265641CD00066AA7 /* EdtechAppTests */,
				89BA12CC265641CD00066AA7 /* EdtechAppUITests */,
				89BA12AE265641CA00066AA7 /* Products */,
			);
			sourceTree = "<group>";
		};
		89BA12AE265641CA00066AA7 /* Products */ = {
			isa = PBXGroup;
			children = (
				89BA12AD265641CA00066AA7 /* EdtechApp.app */,
				89BA12BE265641CD00066AA7 /* EdtechAppTests.xctest */,
				89BA12C9265641CD00066AA7 /* EdtechAppUITests.xctest */,
			);
			name = Products;
			sourceTree = "<group>";
		};
		89BA12AF265641CA00066AA7 /* EdtechApp */ = {
			isa = PBXGroup;
			children = (
				89EED141265FB1FF0079CAEF /* Models */,
				89C11521265FAD54000B516A /* Ressources */,
				89FEEACA2657CA6000100BA8 /* Helpers */,
				89BA12DB2656420A00066AA7 /* Views */,
				89BA12B0265641CA00066AA7 /* EdtechAppApp.swift */,
				89BA12B4265641CD00066AA7 /* Assets.xcassets */,
				89BA12B9265641CD00066AA7 /* Info.plist */,
				89BA12B6265641CD00066AA7 /* Preview Content */,
				89BA12E62656B2A300066AA7 /* extensions.swift */,
			);
			path = EdtechApp;
			sourceTree = "<group>";
		};
		89BA12B6265641CD00066AA7 /* Preview Content */ = {
			isa = PBXGroup;
			children = (
				89BA12B7265641CD00066AA7 /* Preview Assets.xcassets */,
			);
			path = "Preview Content";
			sourceTree = "<group>";
		};
		89BA12C1265641CD00066AA7 /* EdtechAppTests */ = {
			isa = PBXGroup;
			children = (
				89BA12C2265641CD00066AA7 /* EdtechAppTests.swift */,
				89BA12C4265641CD00066AA7 /* Info.plist */,
			);
			path = EdtechAppTests;
			sourceTree = "<group>";
		};
		89BA12CC265641CD00066AA7 /* EdtechAppUITests */ = {
			isa = PBXGroup;
			children = (
				89BA12CD265641CD00066AA7 /* EdtechAppUITests.swift */,
				89BA12CF265641CD00066AA7 /* Info.plist */,
			);
			path = EdtechAppUITests;
			sourceTree = "<group>";
		};
		89BA12DB2656420A00066AA7 /* Views */ = {
			isa = PBXGroup;
			children = (
				89BA12B2265641CA00066AA7 /* ContentView.swift */,
				8918DF67265F65B4009BD3CF /* Utils */,
				89BA12E32656AE0000066AA7 /* Pages */,
				89BA12DF2656893000066AA7 /* Forms */,
			);
			path = Views;
			sourceTree = "<group>";
		};
		89BA12DF2656893000066AA7 /* Forms */ = {
			isa = PBXGroup;
			children = (
				89BA12E12656896700066AA7 /* SignupForm.swift */,
				89FEEAC82656C64800100BA8 /* LoginForm.swift */,
			);
			path = Forms;
			sourceTree = "<group>";
		};
		89BA12E32656AE0000066AA7 /* Pages */ = {
			isa = PBXGroup;
			children = (
				89F26157265FD89100EC3B33 /* Course */,
				8918DF62265A90AA009BD3CF /* Templates */,
				89BA12E42656AE1400066AA7 /* Welcome.swift */,
				8918DF5E265A9059009BD3CF /* Signup.swift */,
				8918DF60265A9084009BD3CF /* Login.swift */,
				8996C885266E7E570047B527 /* UserContent.swift */,
				8996C88D266E823D0047B527 /* Subjects.swift */,
			);
			path = Pages;
			sourceTree = "<group>";
		};
		89C11521265FAD54000B516A /* Ressources */ = {
			isa = PBXGroup;
			children = (
				89F2615D265FE17700EC3B33 /* Fontawesome */,
				89EED13E265FAF970079CAEF /* Testdata */,
			);
			path = Ressources;
			sourceTree = "<group>";
		};
		89EED13E265FAF970079CAEF /* Testdata */ = {
			isa = PBXGroup;
			children = (
				89F261782665673800EC3B33 /* messagestest.json */,
				8996C889266E81BE0047B527 /* subjects.json */,
				89EED13F265FAFF40079CAEF /* coursetest.json */,
			);
			path = Testdata;
			sourceTree = "<group>";
		};
		89EED141265FB1FF0079CAEF /* Models */ = {
			isa = PBXGroup;
			children = (
				89EED142265FB20D0079CAEF /* CourseMenuItemData.swift */,
				89F2617626655C3300EC3B33 /* Message.swift */,
				8996C88B266E821D0047B527 /* Subject.swift */,
			);
			path = Models;
			sourceTree = "<group>";
		};
		89F26157265FD89100EC3B33 /* Course */ = {
			isa = PBXGroup;
			children = (
				89F2617126654A4700EC3B33 /* Bot */,
				8918DF65265F6020009BD3CF /* Course.swift */,
				89F26158265FD8A900EC3B33 /* CourseMenuItem.swift */,
				89F26168265FEA6D00EC3B33 /* CourseMenu.swift */,
				89F2616A26651BAB00EC3B33 /* CourseSectionsMenu.swift */,
			);
			path = Course;
			sourceTree = "<group>";
		};
		89F2615D265FE17700EC3B33 /* Fontawesome */ = {
			isa = PBXGroup;
			children = (
				89F2615E265FE19400EC3B33 /* icons.json */,
				89F26160265FE1D400EC3B33 /* Font Awesome 5 Brands-Regular-400.otf */,
				89F26161265FE1D400EC3B33 /* Font Awesome 5 Free-Regular-400.otf */,
				89F26162265FE1D400EC3B33 /* Font Awesome 5 Free-Solid-900.otf */,
			);
			path = Fontawesome;
			sourceTree = "<group>";
		};
		89F2617126654A4700EC3B33 /* Bot */ = {
			isa = PBXGroup;
			children = (
				89F2617226654A6100EC3B33 /* TextMessage.swift */,
				89F2617426655B9600EC3B33 /* Quiz.swift */,
				89F2617B26663C2B00EC3B33 /* BotWrapper.swift */,
			);
			path = Bot;
			sourceTree = "<group>";
		};
		89FEEACA2657CA6000100BA8 /* Helpers */ = {
			isa = PBXGroup;
			children = (
				89FEEACB2657CA7100100BA8 /* Requests.swift */,
				89F26166265FE71C00EC3B33 /* Loader.swift */,
			);
			path = Helpers;
			sourceTree = "<group>";
		};
/* End PBXGroup section */

/* Begin PBXNativeTarget section */
		89BA12AC265641CA00066AA7 /* EdtechApp */ = {
			isa = PBXNativeTarget;
			buildConfigurationList = 89BA12D2265641CD00066AA7 /* Build configuration list for PBXNativeTarget "EdtechApp" */;
			buildPhases = (
				89BA12A9265641CA00066AA7 /* Sources */,
				89BA12AA265641CA00066AA7 /* Frameworks */,
				89BA12AB265641CA00066AA7 /* Resources */,
			);
			buildRules = (
			);
			dependencies = (
			);
			name = EdtechApp;
			packageProductDependencies = (
				89F2615B265FE16500EC3B33 /* FASwiftUI */,
			);
			productName = EdtechApp;
			productReference = 89BA12AD265641CA00066AA7 /* EdtechApp.app */;
			productType = "com.apple.product-type.application";
		};
		89BA12BD265641CD00066AA7 /* EdtechAppTests */ = {
			isa = PBXNativeTarget;
			buildConfigurationList = 89BA12D5265641CD00066AA7 /* Build configuration list for PBXNativeTarget "EdtechAppTests" */;
			buildPhases = (
				89BA12BA265641CD00066AA7 /* Sources */,
				89BA12BB265641CD00066AA7 /* Frameworks */,
				89BA12BC265641CD00066AA7 /* Resources */,
			);
			buildRules = (
			);
			dependencies = (
				89BA12C0265641CD00066AA7 /* PBXTargetDependency */,
			);
			name = EdtechAppTests;
			productName = EdtechAppTests;
			productReference = 89BA12BE265641CD00066AA7 /* EdtechAppTests.xctest */;
			productType = "com.apple.product-type.bundle.unit-test";
		};
		89BA12C8265641CD00066AA7 /* EdtechAppUITests */ = {
			isa = PBXNativeTarget;
			buildConfigurationList = 89BA12D8265641CD00066AA7 /* Build configuration list for PBXNativeTarget "EdtechAppUITests" */;
			buildPhases = (
				89BA12C5265641CD00066AA7 /* Sources */,
				89BA12C6265641CD00066AA7 /* Frameworks */,
				89BA12C7265641CD00066AA7 /* Resources */,
			);
			buildRules = (
			);
			dependencies = (
				89BA12CB265641CD00066AA7 /* PBXTargetDependency */,
			);
			name = EdtechAppUITests;
			productName = EdtechAppUITests;
			productReference = 89BA12C9265641CD00066AA7 /* EdtechAppUITests.xctest */;
			productType = "com.apple.product-type.bundle.ui-testing";
		};
/* End PBXNativeTarget section */

/* Begin PBXProject section */
		89BA12A5265641CA00066AA7 /* Project object */ = {
			isa = PBXProject;
			attributes = {
				LastSwiftUpdateCheck = 1250;
				LastUpgradeCheck = 1250;
				TargetAttributes = {
					89BA12AC265641CA00066AA7 = {
						CreatedOnToolsVersion = 12.5;
					};
					89BA12BD265641CD00066AA7 = {
						CreatedOnToolsVersion = 12.5;
						TestTargetID = 89BA12AC265641CA00066AA7;
					};
					89BA12C8265641CD00066AA7 = {
						CreatedOnToolsVersion = 12.5;
						TestTargetID = 89BA12AC265641CA00066AA7;
					};
				};
			};
			buildConfigurationList = 89BA12A8265641CA00066AA7 /* Build configuration list for PBXProject "EdtechApp" */;
			compatibilityVersion = "Xcode 9.3";
			developmentRegion = en;
			hasScannedForEncodings = 0;
			knownRegions = (
				en,
				Base,
			);
			mainGroup = 89BA12A4265641CA00066AA7;
			packageReferences = (
				89F2615A265FE16400EC3B33 /* XCRemoteSwiftPackageReference "FASwiftUI" */,
			);
			productRefGroup = 89BA12AE265641CA00066AA7 /* Products */;
			projectDirPath = "";
			projectRoot = "";
			targets = (
				89BA12AC265641CA00066AA7 /* EdtechApp */,
				89BA12BD265641CD00066AA7 /* EdtechAppTests */,
				89BA12C8265641CD00066AA7 /* EdtechAppUITests */,
			);
		};
/* End PBXProject section */

/* Begin PBXResourcesBuildPhase section */
		89BA12AB265641CA00066AA7 /* Resources */ = {
			isa = PBXResourcesBuildPhase;
			buildActionMask = 2147483647;
			files = (
				89F26163265FE1D400EC3B33 /* Font Awesome 5 Brands-Regular-400.otf in Resources */,
				89F261792665673800EC3B33 /* messagestest.json in Resources */,
				89F26164265FE1D400EC3B33 /* Font Awesome 5 Free-Regular-400.otf in Resources */,
				89BA12B8265641CD00066AA7 /* Preview Assets.xcassets in Resources */,
				89EED140265FAFF40079CAEF /* coursetest.json in Resources */,
				89F2615F265FE19400EC3B33 /* icons.json in Resources */,
				89BA12B5265641CD00066AA7 /* Assets.xcassets in Resources */,
				89F26165265FE1D400EC3B33 /* Font Awesome 5 Free-Solid-900.otf in Resources */,
				8996C88A266E81BE0047B527 /* subjects.json in Resources */,
			);
			runOnlyForDeploymentPostprocessing = 0;
		};
		89BA12BC265641CD00066AA7 /* Resources */ = {
			isa = PBXResourcesBuildPhase;
			buildActionMask = 2147483647;
			files = (
			);
			runOnlyForDeploymentPostprocessing = 0;
		};
		89BA12C7265641CD00066AA7 /* Resources */ = {
			isa = PBXResourcesBuildPhase;
			buildActionMask = 2147483647;
			files = (
			);
			runOnlyForDeploymentPostprocessing = 0;
		};
/* End PBXResourcesBuildPhase section */

/* Begin PBXSourcesBuildPhase section */
		89BA12A9265641CA00066AA7 /* Sources */ = {
			isa = PBXSourcesBuildPhase;
			buildActionMask = 2147483647;
			files = (
				89F26159265FD8A900EC3B33 /* CourseMenuItem.swift in Sources */,
				8996C88C266E821D0047B527 /* Subject.swift in Sources */,
				89F2617526655B9600EC3B33 /* Quiz.swift in Sources */,
				89F26169265FEA6D00EC3B33 /* CourseMenu.swift in Sources */,
				8996C88E266E823D0047B527 /* Subjects.swift in Sources */,
				89EED143265FB20D0079CAEF /* CourseMenuItemData.swift in Sources */,
				89BA12E72656B2A300066AA7 /* extensions.swift in Sources */,
				8918DF66265F6020009BD3CF /* Course.swift in Sources */,
				89FEEAC92656C64800100BA8 /* LoginForm.swift in Sources */,
				89BA12E52656AE1400066AA7 /* Welcome.swift in Sources */,
				89F26170266523C900EC3B33 /* WrappingStack.swift in Sources */,
				89BA12E22656896700066AA7 /* SignupForm.swift in Sources */,
				8918DF64265A90B5009BD3CF /* Page.swift in Sources */,
				89BA12B3265641CA00066AA7 /* ContentView.swift in Sources */,
				8996C886266E7E580047B527 /* UserContent.swift in Sources */,
				89F2617326654A6100EC3B33 /* TextMessage.swift in Sources */,
				89F2616B26651BAB00EC3B33 /* CourseSectionsMenu.swift in Sources */,
				8918DF69265F65C1009BD3CF /* Spinner.swift in Sources */,
				8918DF5F265A9059009BD3CF /* Signup.swift in Sources */,
				8918DF61265A9084009BD3CF /* Login.swift in Sources */,
				89FEEACC2657CA7100100BA8 /* Requests.swift in Sources */,
				89F2617726655C3300EC3B33 /* Message.swift in Sources */,
				89F2617C26663C2B00EC3B33 /* BotWrapper.swift in Sources */,
				89BA12B1265641CA00066AA7 /* EdtechAppApp.swift in Sources */,
				89F26167265FE71C00EC3B33 /* Loader.swift in Sources */,
			);
			runOnlyForDeploymentPostprocessing = 0;
		};
		89BA12BA265641CD00066AA7 /* Sources */ = {
			isa = PBXSourcesBuildPhase;
			buildActionMask = 2147483647;
			files = (
				89BA12C3265641CD00066AA7 /* EdtechAppTests.swift in Sources */,
			);
			runOnlyForDeploymentPostprocessing = 0;
		};
		89BA12C5265641CD00066AA7 /* Sources */ = {
			isa = PBXSourcesBuildPhase;
			buildActionMask = 2147483647;
			files = (
				89BA12CE265641CD00066AA7 /* EdtechAppUITests.swift in Sources */,
			);
			runOnlyForDeploymentPostprocessing = 0;
		};
/* End PBXSourcesBuildPhase section */

/* Begin PBXTargetDependency section */
		89BA12C0265641CD00066AA7 /* PBXTargetDependency */ = {
			isa = PBXTargetDependency;
			target = 89BA12AC265641CA00066AA7 /* EdtechApp */;
			targetProxy = 89BA12BF265641CD00066AA7 /* PBXContainerItemProxy */;
		};
		89BA12CB265641CD00066AA7 /* PBXTargetDependency */ = {
			isa = PBXTargetDependency;
			target = 89BA12AC265641CA00066AA7 /* EdtechApp */;
			targetProxy = 89BA12CA265641CD00066AA7 /* PBXContainerItemProxy */;
		};
/* End PBXTargetDependency section */

/* Begin XCBuildConfiguration section */
		89BA12D0265641CD00066AA7 /* Debug */ = {
			isa = XCBuildConfiguration;
			buildSettings = {
				ALWAYS_SEARCH_USER_PATHS = NO;
				CLANG_ANALYZER_NONNULL = YES;
				CLANG_ANALYZER_NUMBER_OBJECT_CONVERSION = YES_AGGRESSIVE;
				CLANG_CXX_LANGUAGE_STANDARD = "gnu++14";
				CLANG_CXX_LIBRARY = "libc++";
				CLANG_ENABLE_MODULES = YES;
				CLANG_ENABLE_OBJC_ARC = YES;
				CLANG_ENABLE_OBJC_WEAK = YES;
				CLANG_WARN_BLOCK_CAPTURE_AUTORELEASING = YES;
				CLANG_WARN_BOOL_CONVERSION = YES;
				CLANG_WARN_COMMA = YES;
				CLANG_WARN_CONSTANT_CONVERSION = YES;
				CLANG_WARN_DEPRECATED_OBJC_IMPLEMENTATIONS = YES;
				CLANG_WARN_DIRECT_OBJC_ISA_USAGE = YES_ERROR;
				CLANG_WARN_DOCUMENTATION_COMMENTS = YES;
				CLANG_WARN_EMPTY_BODY = YES;
				CLANG_WARN_ENUM_CONVERSION = YES;
				CLANG_WARN_INFINITE_RECURSION = YES;
				CLANG_WARN_INT_CONVERSION = YES;
				CLANG_WARN_NON_LITERAL_NULL_CONVERSION = YES;
				CLANG_WARN_OBJC_IMPLICIT_RETAIN_SELF = YES;
				CLANG_WARN_OBJC_LITERAL_CONVERSION = YES;
				CLANG_WARN_OBJC_ROOT_CLASS = YES_ERROR;
				CLANG_WARN_QUOTED_INCLUDE_IN_FRAMEWORK_HEADER = YES;
				CLANG_WARN_RANGE_LOOP_ANALYSIS = YES;
				CLANG_WARN_STRICT_PROTOTYPES = YES;
				CLANG_WARN_SUSPICIOUS_MOVE = YES;
				CLANG_WARN_UNGUARDED_AVAILABILITY = YES_AGGRESSIVE;
				CLANG_WARN_UNREACHABLE_CODE = YES;
				CLANG_WARN__DUPLICATE_METHOD_MATCH = YES;
				COPY_PHASE_STRIP = NO;
				DEBUG_INFORMATION_FORMAT = dwarf;
				ENABLE_STRICT_OBJC_MSGSEND = YES;
				ENABLE_TESTABILITY = YES;
				GCC_C_LANGUAGE_STANDARD = gnu11;
				GCC_DYNAMIC_NO_PIC = NO;
				GCC_NO_COMMON_BLOCKS = YES;
				GCC_OPTIMIZATION_LEVEL = 0;
				GCC_PREPROCESSOR_DEFINITIONS = (
					"DEBUG=1",
					"$(inherited)",
				);
				GCC_WARN_64_TO_32_BIT_CONVERSION = YES;
				GCC_WARN_ABOUT_RETURN_TYPE = YES_ERROR;
				GCC_WARN_UNDECLARED_SELECTOR = YES;
				GCC_WARN_UNINITIALIZED_AUTOS = YES_AGGRESSIVE;
				GCC_WARN_UNUSED_FUNCTION = YES;
				GCC_WARN_UNUSED_VARIABLE = YES;
				IPHONEOS_DEPLOYMENT_TARGET = 14.5;
				MTL_ENABLE_DEBUG_INFO = INCLUDE_SOURCE;
				MTL_FAST_MATH = YES;
				ONLY_ACTIVE_ARCH = YES;
				SDKROOT = iphoneos;
				SWIFT_ACTIVE_COMPILATION_CONDITIONS = DEBUG;
				SWIFT_OPTIMIZATION_LEVEL = "-Onone";
			};
			name = Debug;
		};
		89BA12D1265641CD00066AA7 /* Release */ = {
			isa = XCBuildConfiguration;
			buildSettings = {
				ALWAYS_SEARCH_USER_PATHS = NO;
				CLANG_ANALYZER_NONNULL = YES;
				CLANG_ANALYZER_NUMBER_OBJECT_CONVERSION = YES_AGGRESSIVE;
				CLANG_CXX_LANGUAGE_STANDARD = "gnu++14";
				CLANG_CXX_LIBRARY = "libc++";
				CLANG_ENABLE_MODULES = YES;
				CLANG_ENABLE_OBJC_ARC = YES;
				CLANG_ENABLE_OBJC_WEAK = YES;
				CLANG_WARN_BLOCK_CAPTURE_AUTORELEASING = YES;
				CLANG_WARN_BOOL_CONVERSION = YES;
				CLANG_WARN_COMMA = YES;
				CLANG_WARN_CONSTANT_CONVERSION = YES;
				CLANG_WARN_DEPRECATED_OBJC_IMPLEMENTATIONS = YES;
				CLANG_WARN_DIRECT_OBJC_ISA_USAGE = YES_ERROR;
				CLANG_WARN_DOCUMENTATION_COMMENTS = YES;
				CLANG_WARN_EMPTY_BODY = YES;
				CLANG_WARN_ENUM_CONVERSION = YES;
				CLANG_WARN_INFINITE_RECURSION = YES;
				CLANG_WARN_INT_CONVERSION = YES;
				CLANG_WARN_NON_LITERAL_NULL_CONVERSION = YES;
				CLANG_WARN_OBJC_IMPLICIT_RETAIN_SELF = YES;
				CLANG_WARN_OBJC_LITERAL_CONVERSION = YES;
				CLANG_WARN_OBJC_ROOT_CLASS = YES_ERROR;
				CLANG_WARN_QUOTED_INCLUDE_IN_FRAMEWORK_HEADER = YES;
				CLANG_WARN_RANGE_LOOP_ANALYSIS = YES;
				CLANG_WARN_STRICT_PROTOTYPES = YES;
				CLANG_WARN_SUSPICIOUS_MOVE = YES;
				CLANG_WARN_UNGUARDED_AVAILABILITY = YES_AGGRESSIVE;
				CLANG_WARN_UNREACHABLE_CODE = YES;
				CLANG_WARN__DUPLICATE_METHOD_MATCH = YES;
				COPY_PHASE_STRIP = NO;
				DEBUG_INFORMATION_FORMAT = "dwarf-with-dsym";
				ENABLE_NS_ASSERTIONS = NO;
				ENABLE_STRICT_OBJC_MSGSEND = YES;
				GCC_C_LANGUAGE_STANDARD = gnu11;
				GCC_NO_COMMON_BLOCKS = YES;
				GCC_WARN_64_TO_32_BIT_CONVERSION = YES;
				GCC_WARN_ABOUT_RETURN_TYPE = YES_ERROR;
				GCC_WARN_UNDECLARED_SELECTOR = YES;
				GCC_WARN_UNINITIALIZED_AUTOS = YES_AGGRESSIVE;
				GCC_WARN_UNUSED_FUNCTION = YES;
				GCC_WARN_UNUSED_VARIABLE = YES;
				IPHONEOS_DEPLOYMENT_TARGET = 14.5;
				MTL_ENABLE_DEBUG_INFO = NO;
				MTL_FAST_MATH = YES;
				SDKROOT = iphoneos;
				SWIFT_COMPILATION_MODE = wholemodule;
				SWIFT_OPTIMIZATION_LEVEL = "-O";
				VALIDATE_PRODUCT = YES;
			};
			name = Release;
		};
		89BA12D3265641CD00066AA7 /* Debug */ = {
			isa = XCBuildConfiguration;
			buildSettings = {
				ASSETCATALOG_COMPILER_APPICON_NAME = AppIcon;
				ASSETCATALOG_COMPILER_GLOBAL_ACCENT_COLOR_NAME = AccentColor;
				CODE_SIGN_STYLE = Automatic;
				DEVELOPMENT_ASSET_PATHS = "\"EdtechApp/Preview Content\"";
				ENABLE_PREVIEWS = YES;
				INFOPLIST_FILE = EdtechApp/Info.plist;
				IPHONEOS_DEPLOYMENT_TARGET = 14.0;
				LD_RUNPATH_SEARCH_PATHS = (
					"$(inherited)",
					"@executable_path/Frameworks",
				);
				PRODUCT_BUNDLE_IDENTIFIER = "Mathias-Gammelgaard.EdtechApp";
				PRODUCT_NAME = "$(TARGET_NAME)";
				SWIFT_VERSION = 5.0;
				TARGETED_DEVICE_FAMILY = "1,2";
			};
			name = Debug;
		};
		89BA12D4265641CD00066AA7 /* Release */ = {
			isa = XCBuildConfiguration;
			buildSettings = {
				ASSETCATALOG_COMPILER_APPICON_NAME = AppIcon;
				ASSETCATALOG_COMPILER_GLOBAL_ACCENT_COLOR_NAME = AccentColor;
				CODE_SIGN_STYLE = Automatic;
				DEVELOPMENT_ASSET_PATHS = "\"EdtechApp/Preview Content\"";
				ENABLE_PREVIEWS = YES;
				INFOPLIST_FILE = EdtechApp/Info.plist;
				IPHONEOS_DEPLOYMENT_TARGET = 14.0;
				LD_RUNPATH_SEARCH_PATHS = (
					"$(inherited)",
					"@executable_path/Frameworks",
				);
				PRODUCT_BUNDLE_IDENTIFIER = "Mathias-Gammelgaard.EdtechApp";
				PRODUCT_NAME = "$(TARGET_NAME)";
				SWIFT_VERSION = 5.0;
				TARGETED_DEVICE_FAMILY = "1,2";
			};
			name = Release;
		};
		89BA12D6265641CD00066AA7 /* Debug */ = {
			isa = XCBuildConfiguration;
			buildSettings = {
				ALWAYS_EMBED_SWIFT_STANDARD_LIBRARIES = YES;
				BUNDLE_LOADER = "$(TEST_HOST)";
				CODE_SIGN_STYLE = Automatic;
				INFOPLIST_FILE = EdtechAppTests/Info.plist;
				IPHONEOS_DEPLOYMENT_TARGET = 14.0;
				LD_RUNPATH_SEARCH_PATHS = (
					"$(inherited)",
					"@executable_path/Frameworks",
					"@loader_path/Frameworks",
				);
				PRODUCT_BUNDLE_IDENTIFIER = "Mathias-Gammelgaard.EdtechAppTests";
				PRODUCT_NAME = "$(TARGET_NAME)";
				SWIFT_VERSION = 5.0;
				TARGETED_DEVICE_FAMILY = "1,2";
				TEST_HOST = "$(BUILT_PRODUCTS_DIR)/EdtechApp.app/EdtechApp";
			};
			name = Debug;
		};
		89BA12D7265641CD00066AA7 /* Release */ = {
			isa = XCBuildConfiguration;
			buildSettings = {
				ALWAYS_EMBED_SWIFT_STANDARD_LIBRARIES = YES;
				BUNDLE_LOADER = "$(TEST_HOST)";
				CODE_SIGN_STYLE = Automatic;
				INFOPLIST_FILE = EdtechAppTests/Info.plist;
				IPHONEOS_DEPLOYMENT_TARGET = 14.0;
				LD_RUNPATH_SEARCH_PATHS = (
					"$(inherited)",
					"@executable_path/Frameworks",
					"@loader_path/Frameworks",
				);
				PRODUCT_BUNDLE_IDENTIFIER = "Mathias-Gammelgaard.EdtechAppTests";
				PRODUCT_NAME = "$(TARGET_NAME)";
				SWIFT_VERSION = 5.0;
				TARGETED_DEVICE_FAMILY = "1,2";
				TEST_HOST = "$(BUILT_PRODUCTS_DIR)/EdtechApp.app/EdtechApp";
			};
			name = Release;
		};
		89BA12D9265641CD00066AA7 /* Debug */ = {
			isa = XCBuildConfiguration;
			buildSettings = {
				ALWAYS_EMBED_SWIFT_STANDARD_LIBRARIES = YES;
				CODE_SIGN_STYLE = Automatic;
				INFOPLIST_FILE = EdtechAppUITests/Info.plist;
				LD_RUNPATH_SEARCH_PATHS = (
					"$(inherited)",
					"@executable_path/Frameworks",
					"@loader_path/Frameworks",
				);
				PRODUCT_BUNDLE_IDENTIFIER = "Mathias-Gammelgaard.EdtechAppUITests";
				PRODUCT_NAME = "$(TARGET_NAME)";
				SWIFT_VERSION = 5.0;
				TARGETED_DEVICE_FAMILY = "1,2";
				TEST_TARGET_NAME = EdtechApp;
			};
			name = Debug;
		};
		89BA12DA265641CD00066AA7 /* Release */ = {
			isa = XCBuildConfiguration;
			buildSettings = {
				ALWAYS_EMBED_SWIFT_STANDARD_LIBRARIES = YES;
				CODE_SIGN_STYLE = Automatic;
				INFOPLIST_FILE = EdtechAppUITests/Info.plist;
				LD_RUNPATH_SEARCH_PATHS = (
					"$(inherited)",
					"@executable_path/Frameworks",
					"@loader_path/Frameworks",
				);
				PRODUCT_BUNDLE_IDENTIFIER = "Mathias-Gammelgaard.EdtechAppUITests";
				PRODUCT_NAME = "$(TARGET_NAME)";
				SWIFT_VERSION = 5.0;
				TARGETED_DEVICE_FAMILY = "1,2";
				TEST_TARGET_NAME = EdtechApp;
			};
			name = Release;
		};
/* End XCBuildConfiguration section */

/* Begin XCConfigurationList section */
		89BA12A8265641CA00066AA7 /* Build configuration list for PBXProject "EdtechApp" */ = {
			isa = XCConfigurationList;
			buildConfigurations = (
				89BA12D0265641CD00066AA7 /* Debug */,
				89BA12D1265641CD00066AA7 /* Release */,
			);
			defaultConfigurationIsVisible = 0;
			defaultConfigurationName = Release;
		};
		89BA12D2265641CD00066AA7 /* Build configuration list for PBXNativeTarget "EdtechApp" */ = {
			isa = XCConfigurationList;
			buildConfigurations = (
				89BA12D3265641CD00066AA7 /* Debug */,
				89BA12D4265641CD00066AA7 /* Release */,
			);
			defaultConfigurationIsVisible = 0;
			defaultConfigurationName = Release;
		};
		89BA12D5265641CD00066AA7 /* Build configuration list for PBXNativeTarget "EdtechAppTests" */ = {
			isa = XCConfigurationList;
			buildConfigurations = (
				89BA12D6265641CD00066AA7 /* Debug */,
				89BA12D7265641CD00066AA7 /* Release */,
			);
			defaultConfigurationIsVisible = 0;
			defaultConfigurationName = Release;
		};
		89BA12D8265641CD00066AA7 /* Build configuration list for PBXNativeTarget "EdtechAppUITests" */ = {
			isa = XCConfigurationList;
			buildConfigurations = (
				89BA12D9265641CD00066AA7 /* Debug */,
				89BA12DA265641CD00066AA7 /* Release */,
			);
			defaultConfigurationIsVisible = 0;
			defaultConfigurationName = Release;
		};
/* End XCConfigurationList section */

/* Begin XCRemoteSwiftPackageReference section */
		89F2615A265FE16400EC3B33 /* XCRemoteSwiftPackageReference "FASwiftUI" */ = {
			isa = XCRemoteSwiftPackageReference;
			repositoryURL = "https://github.com/mattmaddux/FASwiftUI.git";
			requirement = {
				kind = upToNextMajorVersion;
				minimumVersion = 1.0.4;
			};
		};
/* End XCRemoteSwiftPackageReference section */

/* Begin XCSwiftPackageProductDependency section */
		89F2615B265FE16500EC3B33 /* FASwiftUI */ = {
			isa = XCSwiftPackageProductDependency;
			package = 89F2615A265FE16400EC3B33 /* XCRemoteSwiftPackageReference "FASwiftUI" */;
			productName = FASwiftUI;
		};
/* End XCSwiftPackageProductDependency section */
	};
	rootObject = 89BA12A5265641CA00066AA7 /* Project object */;
}
